
Microsoft Visual Studio Solution File, Format Version 12.00
# Visual Studio Version 17
VisualStudioVersion = 17.11.35222.181
MinimumVisualStudioVersion = 10.0.40219.1
Project("{FAE04EC0-301F-11D3-BF4B-00C04F79EFBC}") = "Email Sender", "Email Sender\Email Sender.csproj", "{37CE7E00-0564-4199-9000-57B4565CD9C0}"
EndProject
Global
	GlobalSection(SolutionConfigurationPlatforms) = preSolution
		Debug|Any CPU = Debug|Any CPU
		Release|Any CPU = Release|Any CPU
	EndGlobalSection
	GlobalSection(ProjectConfigurationPlatforms) = postSolution
		{37CE7E00-0564-4199-9000-57B4565CD9C0}.Debug|Any CPU.ActiveCfg = Debug|Any CPU
		{37CE7E00-0564-4199-9000-57B4565CD9C0}.Debug|Any CPU.Build.0 = Debug|Any CPU
		{37CE7E00-0564-4199-9000-57B4565CD9C0}.Release|Any CPU.ActiveCfg = Release|Any CPU
		{37CE7E00-0564-4199-9000-57B4565CD9C0}.Release|Any CPU.Build.0 = Release|Any CPU
	EndGlobalSection
	GlobalSection(SolutionProperties) = preSolution
		HideSolutionNode = FALSE
	EndGlobalSection
	GlobalSection(ExtensibilityGlobals) = postSolution
		SolutionGuid = {E2AB7C32-4F99-4E28-9953-580EFB05CE63}
	EndGlobalSection
EndGlobal
